{
  "version": 4,
  "terraform_version": "1.5.7",
  "serial": 1,
  "lineage": "b24157e0-a7d6-45ea-225d-c01ed7000e9d",
  "outputs": {},
  "resources": [
    {
      "mode": "managed",
      "type": "github_repository",
      "name": "example",
      "provider": "provider[\"registry.terraform.io/integrations/github\"]",
      "instances": [
        {
          "schema_version": 1,
          "attributes": {
            "allow_auto_merge": false,
            "allow_merge_commit": true,
            "allow_rebase_merge": true,
            "allow_squash_merge": true,
            "allow_update_branch": false,
            "archive_on_destroy": null,
            "archived": false,
            "auto_init": true,
            "default_branch": "main",
            "delete_branch_on_merge": false,
            "description": "A test repository managed by Terraform jan 10",
            "etag": "W/\"7094edc0b0d15542283dca1b188b1e380af60b50e84540a74a27ceedad80451d\"",
            "full_name": "frknakyuz/terraform_repo",
            "git_clone_url": "git://github.com/frknakyuz/terraform_repo.git",
            "gitignore_template": null,
            "has_discussions": false,
            "has_downloads": false,
            "has_issues": false,
            "has_projects": false,
            "has_wiki": false,
            "homepage_url": "",
            "html_url": "https://github.com/frknakyuz/terraform_repo",
            "http_clone_url": "https://github.com/frknakyuz/terraform_repo.git",
            "id": "terraform_repo",
            "ignore_vulnerability_alerts_during_read": null,
            "is_template": false,
            "license_template": null,
            "merge_commit_message": "PR_TITLE",
            "merge_commit_title": "MERGE_MESSAGE",
            "name": "terraform_repo",
            "node_id": "R_kgDONoobkw",
            "pages": [],
            "primary_language": "",
            "private": false,
            "repo_id": 915020691,
            "security_and_analysis": [
              {
                "advanced_security": [],
                "secret_scanning": [
                  {
                    "status": "enabled"
                  }
                ],
                "secret_scanning_push_protection": [
                  {
                    "status": "enabled"
                  }
                ]
              }
            ],
            "squash_merge_commit_message": "COMMIT_MESSAGES",
            "squash_merge_commit_title": "COMMIT_OR_PR_TITLE",
            "ssh_clone_url": "git@github.com:frknakyuz/terraform_repo.git",
            "svn_url": "https://github.com/frknakyuz/terraform_repo",
            "template": [],
            "topics": [],
            "visibility": "public",
            "vulnerability_alerts": false,
            "web_commit_signoff_required": false
          },
          "sensitive_attributes": [],
          "private": "eyJzY2hlbWFfdmVyc2lvbiI6IjEifQ=="
        }
      ]
    }
  ],
  "check_results": null
}
